{
  "sources": {
    "aws": {
      "locked_version": "0.101.6"
    },
    "delayed_evaluator": {
      "locked_version": "0.2.0"
    },
    "ebs": {
      "locked_version": "0.3.6",
      "git": "git://github.com/jamestyj/chef-ebs.git",
      "ref": "98030d8d26023d6561039f0e0d3e7d1597b3e1ac"
    },
    "mongodb": {
      "locked_version": "0.14.4",
      "git": "git://github.com/edelight/chef-mongodb.git",
      "ref": "2ea5fc251769de185f2bc003538797b84cf09441"
    },
    "mosh": {
      "locked_version": "0.3.0",
      "git": "git://github.com/jtimberman/mosh-cookbook",
      "ref": "fc47d1a27f171e13e84467da96b4479a86baf0ec"
    },
    "utils": {
      "path": "./my_cookbooks/utils"
    },
    "yum": {
      "locked_version": "2.3.4"
    },
    "apt": {
      "locked_version": "2.3.4"
    },
    "python": {
      "locked_version": "1.4.4"
    },
    "build-essential": {
      "locked_version": "1.4.2"
    },
    "runit": {
      "locked_version": "1.5.8"
    },
    "yum-epel": {
      "locked_version": "0.2.0"
    }
  }
}
