{
  "sources": {
    "aws": {
      "locked_version": "0.101.6"
    },
    "delayed_evaluator": {
      "locked_version": "0.2.0"
    },
    "ebs": {
      "locked_version": "0.3.6",
      "git": "git://github.com/jamestyj/chef-ebs.git",
      "ref": "d8db80483b65a8e04c33e8d5aeeb5eb8f058c1e8"
    },
    "mongodb": {
      "locked_version": "0.13.2",
      "git": "git://github.com/edelight/chef-mongodb.git",
      "ref": "baf6130fcebd3674ed67c601214addbcd167bb45"
    },
    "mosh": {
      "locked_version": "0.3.0",
      "git": "git://github.com/jtimberman/mosh-cookbook",
      "ref": "36d71e960be7be16031ae7352261be40a17e0d98"
    },
    "yum": {
      "locked_version": "2.3.4"
    },
    "apt": {
      "locked_version": "2.2.0"
    }
  }
}
